
Microsoft Visual Studio Solution File, Format Version 12.00
# Visual Studio 14
VisualStudioVersion = 14.0.25420.1
MinimumVisualStudioVersion = 10.0.40219.1
Project("{FAE04EC0-301F-11D3-BF4B-00C04F79EFBC}") = "LoadScripts", "LoadScripts\LoadScripts.csproj", "{7C0D2782-C173-42E7-843D-66EE42CE2934}"
EndProject
Project("{FAE04EC0-301F-11D3-BF4B-00C04F79EFBC}") = "ExcelToGenericList", "ExcelToGenericList\ExcelToGenericList.csproj", "{D180B556-18D4-4C55-AC9C-7B8CE787C09C}"
EndProject
Global
	GlobalSection(SolutionConfigurationPlatforms) = preSolution
		Debug|Any CPU = Debug|Any CPU
		Release|Any CPU = Release|Any CPU
	EndGlobalSection
	GlobalSection(ProjectConfigurationPlatforms) = postSolution
		{7C0D2782-C173-42E7-843D-66EE42CE2934}.Debug|Any CPU.ActiveCfg = Debug|Any CPU
		{7C0D2782-C173-42E7-843D-66EE42CE2934}.Debug|Any CPU.Build.0 = Debug|Any CPU
		{7C0D2782-C173-42E7-843D-66EE42CE2934}.Release|Any CPU.ActiveCfg = Release|Any CPU
		{7C0D2782-C173-42E7-843D-66EE42CE2934}.Release|Any CPU.Build.0 = Release|Any CPU
		{D180B556-18D4-4C55-AC9C-7B8CE787C09C}.Debug|Any CPU.ActiveCfg = Debug|Any CPU
		{D180B556-18D4-4C55-AC9C-7B8CE787C09C}.Debug|Any CPU.Build.0 = Debug|Any CPU
		{D180B556-18D4-4C55-AC9C-7B8CE787C09C}.Release|Any CPU.ActiveCfg = Release|Any CPU
		{D180B556-18D4-4C55-AC9C-7B8CE787C09C}.Release|Any CPU.Build.0 = Release|Any CPU
	EndGlobalSection
	GlobalSection(SolutionProperties) = preSolution
		HideSolutionNode = FALSE
	EndGlobalSection
EndGlobal
